
Microsoft Visual Studio Solution File, Format Version 12.00
# Visual Studio Version 17
VisualStudioVersion = 17.8.34525.116
MinimumVisualStudioVersion = 10.0.40219.1
Project("{8BC9CEB8-8B4A-11D0-8D11-00A0C91BC942}") = "array_realize", "array_realize.vcxproj", "{7E8A3569-C3F2-472B-B8BA-116E052BED12}"
EndProject
Global
	GlobalSection(SolutionConfigurationPlatforms) = preSolution
		Debug|x64 = Debug|x64
		Debug|x86 = Debug|x86
		Release|x64 = Release|x64
		Release|x86 = Release|x86
	EndGlobalSection
	GlobalSection(ProjectConfigurationPlatforms) = postSolution
		{7E8A3569-C3F2-472B-B8BA-116E052BED12}.Debug|x64.ActiveCfg = Debug|x64
		{7E8A3569-C3F2-472B-B8BA-116E052BED12}.Debug|x64.Build.0 = Debug|x64
		{7E8A3569-C3F2-472B-B8BA-116E052BED12}.Debug|x86.ActiveCfg = Debug|Win32
		{7E8A3569-C3F2-472B-B8BA-116E052BED12}.Debug|x86.Build.0 = Debug|Win32
		{7E8A3569-C3F2-472B-B8BA-116E052BED12}.Release|x64.ActiveCfg = Release|x64
		{7E8A3569-C3F2-472B-B8BA-116E052BED12}.Release|x64.Build.0 = Release|x64
		{7E8A3569-C3F2-472B-B8BA-116E052BED12}.Release|x86.ActiveCfg = Release|Win32
		{7E8A3569-C3F2-472B-B8BA-116E052BED12}.Release|x86.Build.0 = Release|Win32
	EndGlobalSection
	GlobalSection(SolutionProperties) = preSolution
		HideSolutionNode = FALSE
	EndGlobalSection
	GlobalSection(ExtensibilityGlobals) = postSolution
		SolutionGuid = {E4F6DF86-624F-4901-A4B4-CB468792845F}
	EndGlobalSection
EndGlobal
